
Microsoft Visual Studio Solution File, Format Version 12.00
# Visual Studio 15
VisualStudioVersion = 15.0.28307.421
MinimumVisualStudioVersion = 10.0.40219.1
Project("{FAE04EC0-301F-11D3-BF4B-00C04F79EFBC}") = "ApplicationVsn1", "ApplicationVsn1\ApplicationVsn1.csproj", "{27EA18F9-5D7B-460F-BEFE-1860911B89ED}"
EndProject
Global
	GlobalSection(SolutionConfigurationPlatforms) = preSolution
		Debug|Any CPU = Debug|Any CPU
		Release|Any CPU = Release|Any CPU
	EndGlobalSection
	GlobalSection(ProjectConfigurationPlatforms) = postSolution
		{27EA18F9-5D7B-460F-BEFE-1860911B89ED}.Debug|Any CPU.ActiveCfg = Debug|Any CPU
		{27EA18F9-5D7B-460F-BEFE-1860911B89ED}.Debug|Any CPU.Build.0 = Debug|Any CPU
		{27EA18F9-5D7B-460F-BEFE-1860911B89ED}.Release|Any CPU.ActiveCfg = Release|Any CPU
		{27EA18F9-5D7B-460F-BEFE-1860911B89ED}.Release|Any CPU.Build.0 = Release|Any CPU
	EndGlobalSection
	GlobalSection(SolutionProperties) = preSolution
		HideSolutionNode = FALSE
	EndGlobalSection
	GlobalSection(ExtensibilityGlobals) = postSolution
		SolutionGuid = {51E5C755-D94A-461F-8BC6-6D4750BC30DD}
	EndGlobalSection
EndGlobal
